
Microsoft Visual Studio Solution File, Format Version 12.00
# Visual Studio Version 16
VisualStudioVersion = 16.0.30114.105
MinimumVisualStudioVersion = 10.0.40219.1
Project("{FAE04EC0-301F-11D3-BF4B-00C04F79EFBC}") = "TrabBimestral.VIEW", "TrabBimestral.VIEW\TrabBimestral.VIEW.csproj", "{75CAAAC8-EE60-4C11-8FBC-8CDF953BE1B6}"
EndProject
Project("{FAE04EC0-301F-11D3-BF4B-00C04F79EFBC}") = "TrabBimestral.MODEL", "TrabBimestral.MODEL\TrabBimestral.MODEL.csproj", "{7E785686-C383-483C-BB02-A97CE5E0F555}"
EndProject
Global
	GlobalSection(SolutionConfigurationPlatforms) = preSolution
		Debug|Any CPU = Debug|Any CPU
		Release|Any CPU = Release|Any CPU
	EndGlobalSection
	GlobalSection(ProjectConfigurationPlatforms) = postSolution
		{75CAAAC8-EE60-4C11-8FBC-8CDF953BE1B6}.Debug|Any CPU.ActiveCfg = Debug|Any CPU
		{75CAAAC8-EE60-4C11-8FBC-8CDF953BE1B6}.Debug|Any CPU.Build.0 = Debug|Any CPU
		{75CAAAC8-EE60-4C11-8FBC-8CDF953BE1B6}.Release|Any CPU.ActiveCfg = Release|Any CPU
		{75CAAAC8-EE60-4C11-8FBC-8CDF953BE1B6}.Release|Any CPU.Build.0 = Release|Any CPU
		{7E785686-C383-483C-BB02-A97CE5E0F555}.Debug|Any CPU.ActiveCfg = Debug|Any CPU
		{7E785686-C383-483C-BB02-A97CE5E0F555}.Debug|Any CPU.Build.0 = Debug|Any CPU
		{7E785686-C383-483C-BB02-A97CE5E0F555}.Release|Any CPU.ActiveCfg = Release|Any CPU
		{7E785686-C383-483C-BB02-A97CE5E0F555}.Release|Any CPU.Build.0 = Release|Any CPU
	EndGlobalSection
	GlobalSection(SolutionProperties) = preSolution
		HideSolutionNode = FALSE
	EndGlobalSection
	GlobalSection(ExtensibilityGlobals) = postSolution
		SolutionGuid = {B181A9A8-23AE-4CB6-8008-8A506E9911D9}
	EndGlobalSection
EndGlobal
